
Microsoft Visual Studio Solution File, Format Version 12.00
# Visual Studio Version 17
VisualStudioVersion = 17.10.35013.160
MinimumVisualStudioVersion = 10.0.40219.1
Project("{9A19103F-16F7-4668-BE54-9A1E7A4F7556}") = "OOP_Abstraction", "OOP_Abstraction.csproj", "{27FCB9A0-2B67-4AC3-9F5C-5C87B9A55012}"
EndProject
Project("{FAE04EC0-301F-11D3-BF4B-00C04F79EFBC}") = "Abstraction", "..\Abstraction\Abstraction.csproj", "{8B440CD7-AE11-4295-B539-58D3C7308FE5}"
EndProject
Global
	GlobalSection(SolutionConfigurationPlatforms) = preSolution
		Debug|Any CPU = Debug|Any CPU
		Release|Any CPU = Release|Any CPU
	EndGlobalSection
	GlobalSection(ProjectConfigurationPlatforms) = postSolution
		{27FCB9A0-2B67-4AC3-9F5C-5C87B9A55012}.Debug|Any CPU.ActiveCfg = Debug|Any CPU
		{27FCB9A0-2B67-4AC3-9F5C-5C87B9A55012}.Debug|Any CPU.Build.0 = Debug|Any CPU
		{27FCB9A0-2B67-4AC3-9F5C-5C87B9A55012}.Release|Any CPU.ActiveCfg = Release|Any CPU
		{27FCB9A0-2B67-4AC3-9F5C-5C87B9A55012}.Release|Any CPU.Build.0 = Release|Any CPU
		{8B440CD7-AE11-4295-B539-58D3C7308FE5}.Debug|Any CPU.ActiveCfg = Debug|Any CPU
		{8B440CD7-AE11-4295-B539-58D3C7308FE5}.Debug|Any CPU.Build.0 = Debug|Any CPU
		{8B440CD7-AE11-4295-B539-58D3C7308FE5}.Release|Any CPU.ActiveCfg = Release|Any CPU
		{8B440CD7-AE11-4295-B539-58D3C7308FE5}.Release|Any CPU.Build.0 = Release|Any CPU
	EndGlobalSection
	GlobalSection(SolutionProperties) = preSolution
		HideSolutionNode = FALSE
	EndGlobalSection
	GlobalSection(ExtensibilityGlobals) = postSolution
		SolutionGuid = {384D9CF9-B47C-4DA5-9A6D-C65181FBFF01}
	EndGlobalSection
EndGlobal
