
Microsoft Visual Studio Solution File, Format Version 12.00
# Visual Studio Version 17
VisualStudioVersion = 17.10.35013.160
MinimumVisualStudioVersion = 10.0.40219.1
Project("{FAE04EC0-301F-11D3-BF4B-00C04F79EFBC}") = "Delegate", "Delegate.csproj", "{87320784-6CE0-4FF2-9F9D-15FF9C107CE5}"
EndProject
Global
	GlobalSection(SolutionConfigurationPlatforms) = preSolution
		Debug|Any CPU = Debug|Any CPU
		Release|Any CPU = Release|Any CPU
	EndGlobalSection
	GlobalSection(ProjectConfigurationPlatforms) = postSolution
		{87320784-6CE0-4FF2-9F9D-15FF9C107CE5}.Debug|Any CPU.ActiveCfg = Debug|Any CPU
		{87320784-6CE0-4FF2-9F9D-15FF9C107CE5}.Debug|Any CPU.Build.0 = Debug|Any CPU
		{87320784-6CE0-4FF2-9F9D-15FF9C107CE5}.Release|Any CPU.ActiveCfg = Release|Any CPU
		{87320784-6CE0-4FF2-9F9D-15FF9C107CE5}.Release|Any CPU.Build.0 = Release|Any CPU
	EndGlobalSection
	GlobalSection(SolutionProperties) = preSolution
		HideSolutionNode = FALSE
	EndGlobalSection
	GlobalSection(ExtensibilityGlobals) = postSolution
		SolutionGuid = {4EB0FEBB-06E5-4E36-AA9D-AFB9C3171E35}
	EndGlobalSection
EndGlobal
