
Microsoft Visual Studio Solution File, Format Version 12.00
# Visual Studio Version 17
VisualStudioVersion = 17.10.35013.160
MinimumVisualStudioVersion = 10.0.40219.1
Project("{FAE04EC0-301F-11D3-BF4B-00C04F79EFBC}") = "Swap", "Swap.csproj", "{96A79A4B-45AB-452D-8821-4640527F27D5}"
EndProject
Global
	GlobalSection(SolutionConfigurationPlatforms) = preSolution
		Debug|Any CPU = Debug|Any CPU
		Release|Any CPU = Release|Any CPU
	EndGlobalSection
	GlobalSection(ProjectConfigurationPlatforms) = postSolution
		{96A79A4B-45AB-452D-8821-4640527F27D5}.Debug|Any CPU.ActiveCfg = Debug|Any CPU
		{96A79A4B-45AB-452D-8821-4640527F27D5}.Debug|Any CPU.Build.0 = Debug|Any CPU
		{96A79A4B-45AB-452D-8821-4640527F27D5}.Release|Any CPU.ActiveCfg = Release|Any CPU
		{96A79A4B-45AB-452D-8821-4640527F27D5}.Release|Any CPU.Build.0 = Release|Any CPU
	EndGlobalSection
	GlobalSection(SolutionProperties) = preSolution
		HideSolutionNode = FALSE
	EndGlobalSection
	GlobalSection(ExtensibilityGlobals) = postSolution
		SolutionGuid = {B27564B8-CD61-49C6-AFA5-19936E7EA3CF}
	EndGlobalSection
EndGlobal
