
Microsoft Visual Studio Solution File, Format Version 12.00
# Visual Studio Version 17
VisualStudioVersion = 17.10.35013.160
MinimumVisualStudioVersion = 10.0.40219.1
Project("{FAE04EC0-301F-11D3-BF4B-00C04F79EFBC}") = "Generic", "Generic.csproj", "{28609F08-E261-4C43-BE10-46A959E40B9D}"
EndProject
Global
	GlobalSection(SolutionConfigurationPlatforms) = preSolution
		Debug|Any CPU = Debug|Any CPU
		Release|Any CPU = Release|Any CPU
	EndGlobalSection
	GlobalSection(ProjectConfigurationPlatforms) = postSolution
		{28609F08-E261-4C43-BE10-46A959E40B9D}.Debug|Any CPU.ActiveCfg = Debug|Any CPU
		{28609F08-E261-4C43-BE10-46A959E40B9D}.Debug|Any CPU.Build.0 = Debug|Any CPU
		{28609F08-E261-4C43-BE10-46A959E40B9D}.Release|Any CPU.ActiveCfg = Release|Any CPU
		{28609F08-E261-4C43-BE10-46A959E40B9D}.Release|Any CPU.Build.0 = Release|Any CPU
	EndGlobalSection
	GlobalSection(SolutionProperties) = preSolution
		HideSolutionNode = FALSE
	EndGlobalSection
	GlobalSection(ExtensibilityGlobals) = postSolution
		SolutionGuid = {81A38669-8151-4954-84CA-DB26589EFB77}
	EndGlobalSection
EndGlobal
